
Microsoft Visual Studio Solution File, Format Version 12.00
# Visual Studio Version 16
VisualStudioVersion = 16.0.30804.86
MinimumVisualStudioVersion = 10.0.40219.1
Project("{FAE04EC0-301F-11D3-BF4B-00C04F79EFBC}") = "Bus", "Bus.csproj", "{182D8EAE-0A43-45EA-B626-CF4D55A7FE34}"
EndProject
Global
	GlobalSection(SolutionConfigurationPlatforms) = preSolution
		Debug|Any CPU = Debug|Any CPU
		Release|Any CPU = Release|Any CPU
	EndGlobalSection
	GlobalSection(ProjectConfigurationPlatforms) = postSolution
		{182D8EAE-0A43-45EA-B626-CF4D55A7FE34}.Debug|Any CPU.ActiveCfg = Debug|Any CPU
		{182D8EAE-0A43-45EA-B626-CF4D55A7FE34}.Debug|Any CPU.Build.0 = Debug|Any CPU
		{182D8EAE-0A43-45EA-B626-CF4D55A7FE34}.Release|Any CPU.ActiveCfg = Release|Any CPU
		{182D8EAE-0A43-45EA-B626-CF4D55A7FE34}.Release|Any CPU.Build.0 = Release|Any CPU
	EndGlobalSection
	GlobalSection(SolutionProperties) = preSolution
		HideSolutionNode = FALSE
	EndGlobalSection
	GlobalSection(ExtensibilityGlobals) = postSolution
		SolutionGuid = {C12A66CE-41BE-476F-9149-2FBAD1219209}
	EndGlobalSection
EndGlobal
